
Microsoft Visual Studio Solution File, Format Version 12.00
# Visual Studio Version 17
VisualStudioVersion = 17.9.34622.214
MinimumVisualStudioVersion = 10.0.40219.1
Project("{9A19103F-16F7-4668-BE54-9A1E7A4F7556}") = "Veterinary.Shared", "Veterinary.Shared\Veterinary.Shared.csproj", "{34EAD6B8-A6B5-4B20-BE4D-9912D5F259C5}"
EndProject
Project("{9A19103F-16F7-4668-BE54-9A1E7A4F7556}") = "Veterinary.API", "Veterinary.API\Veterinary.API.csproj", "{D1228690-8B58-427D-8F72-7EE9D91ECF06}"
EndProject
Project("{9A19103F-16F7-4668-BE54-9A1E7A4F7556}") = "Veterinary.WEB", "Veterinary.WEB\Veterinary.WEB.csproj", "{5F2BA8C8-F907-43D2-BFEF-681AF3CCB419}"
EndProject
Global
	GlobalSection(SolutionConfigurationPlatforms) = preSolution
		Debug|Any CPU = Debug|Any CPU
		Release|Any CPU = Release|Any CPU
	EndGlobalSection
	GlobalSection(ProjectConfigurationPlatforms) = postSolution
		{34EAD6B8-A6B5-4B20-BE4D-9912D5F259C5}.Debug|Any CPU.ActiveCfg = Debug|Any CPU
		{34EAD6B8-A6B5-4B20-BE4D-9912D5F259C5}.Debug|Any CPU.Build.0 = Debug|Any CPU
		{34EAD6B8-A6B5-4B20-BE4D-9912D5F259C5}.Release|Any CPU.ActiveCfg = Release|Any CPU
		{34EAD6B8-A6B5-4B20-BE4D-9912D5F259C5}.Release|Any CPU.Build.0 = Release|Any CPU
		{D1228690-8B58-427D-8F72-7EE9D91ECF06}.Debug|Any CPU.ActiveCfg = Debug|Any CPU
		{D1228690-8B58-427D-8F72-7EE9D91ECF06}.Debug|Any CPU.Build.0 = Debug|Any CPU
		{D1228690-8B58-427D-8F72-7EE9D91ECF06}.Release|Any CPU.ActiveCfg = Release|Any CPU
		{D1228690-8B58-427D-8F72-7EE9D91ECF06}.Release|Any CPU.Build.0 = Release|Any CPU
		{5F2BA8C8-F907-43D2-BFEF-681AF3CCB419}.Debug|Any CPU.ActiveCfg = Debug|Any CPU
		{5F2BA8C8-F907-43D2-BFEF-681AF3CCB419}.Debug|Any CPU.Build.0 = Debug|Any CPU
		{5F2BA8C8-F907-43D2-BFEF-681AF3CCB419}.Release|Any CPU.ActiveCfg = Release|Any CPU
		{5F2BA8C8-F907-43D2-BFEF-681AF3CCB419}.Release|Any CPU.Build.0 = Release|Any CPU
	EndGlobalSection
	GlobalSection(SolutionProperties) = preSolution
		HideSolutionNode = FALSE
	EndGlobalSection
	GlobalSection(ExtensibilityGlobals) = postSolution
		SolutionGuid = {D56AD107-7F1E-4723-97CC-263AAFA2072F}
	EndGlobalSection
EndGlobal
